// !$*UTF8*$!
{
	archiveVersion = 1;
	classes = {
	};
	objectVersion = 46;
	objects = {

/* Begin PBXBuildFile section */
		097DA38014C8EEEF00851D27 /* UIKit.framework in Frameworks */ = {isa = PBXBuildFile; fileRef = 097DA37F14C8EEEF00851D27 /* UIKit.framework */; };
		097DA38214C8EEEF00851D27 /* Foundation.framework in Frameworks */ = {isa = PBXBuildFile; fileRef = 097DA38114C8EEEF00851D27 /* Foundation.framework */; };
		097DA38414C8EEEF00851D27 /* CoreGraphics.framework in Frameworks */ = {isa = PBXBuildFile; fileRef = 097DA38314C8EEEF00851D27 /* CoreGraphics.framework */; };
		097DA38A14C8EEEF00851D27 /* InfoPlist.strings in Resources */ = {isa = PBXBuildFile; fileRef = 097DA38814C8EEEF00851D27 /* InfoPlist.strings */; };
		097DA38C14C8EEEF00851D27 /* main.m in Sources */ = {isa = PBXBuildFile; fileRef = 097DA38B14C8EEEF00851D27 /* main.m */; };
		097DA39014C8EEEF00851D27 /* BNAppDelegate.m in Sources */ = {isa = PBXBuildFile; fileRef = 097DA38F14C8EEEF00851D27 /* BNAppDelegate.m */; };
		097DA39314C8EEEF00851D27 /* BNViewController.m in Sources */ = {isa = PBXBuildFile; fileRef = 097DA39214C8EEEF00851D27 /* BNViewController.m */; };
		097DA3A214C8EFD600851D27 /* BNScrollViewController.m in Sources */ = {isa = PBXBuildFile; fileRef = 097DA3A114C8EFD600851D27 /* BNScrollViewController.m */; };
		097DA3A514C8F21300851D27 /* BNScrollViewDatasource.m in Sources */ = {isa = PBXBuildFile; fileRef = 097DA3A414C8F21300851D27 /* BNScrollViewDatasource.m */; };
		097DA3A814C8FEBF00851D27 /* BNPageView.m in Sources */ = {isa = PBXBuildFile; fileRef = 097DA3A714C8FEBF00851D27 /* BNPageView.m */; };
/* End PBXBuildFile section */

/* Begin PBXFileReference section */
		097DA37B14C8EEEF00851D27 /* BNScrollView.app */ = {isa = PBXFileReference; explicitFileType = wrapper.application; includeInIndex = 0; path = BNScrollView.app; sourceTree = BUILT_PRODUCTS_DIR; };
		097DA37F14C8EEEF00851D27 /* UIKit.framework */ = {isa = PBXFileReference; lastKnownFileType = wrapper.framework; name = UIKit.framework; path = System/Library/Frameworks/UIKit.framework; sourceTree = SDKROOT; };
		097DA38114C8EEEF00851D27 /* Foundation.framework */ = {isa = PBXFileReference; lastKnownFileType = wrapper.framework; name = Foundation.framework; path = System/Library/Frameworks/Foundation.framework; sourceTree = SDKROOT; };
		097DA38314C8EEEF00851D27 /* CoreGraphics.framework */ = {isa = PBXFileReference; lastKnownFileType = wrapper.framework; name = CoreGraphics.framework; path = System/Library/Frameworks/CoreGraphics.framework; sourceTree = SDKROOT; };
		097DA38714C8EEEF00851D27 /* BNScrollView-Info.plist */ = {isa = PBXFileReference; lastKnownFileType = text.plist.xml; path = "BNScrollView-Info.plist"; sourceTree = "<group>"; };
		097DA38914C8EEEF00851D27 /* en */ = {isa = PBXFileReference; lastKnownFileType = text.plist.strings; name = en; path = en.lproj/InfoPlist.strings; sourceTree = "<group>"; };
		097DA38B14C8EEEF00851D27 /* main.m */ = {isa = PBXFileReference; lastKnownFileType = sourcecode.c.objc; path = main.m; sourceTree = "<group>"; };
		097DA38D14C8EEEF00851D27 /* BNScrollView-Prefix.pch */ = {isa = PBXFileReference; lastKnownFileType = sourcecode.c.h; path = "BNScrollView-Prefix.pch"; sourceTree = "<group>"; };
		097DA38E14C8EEEF00851D27 /* BNAppDelegate.h */ = {isa = PBXFileReference; lastKnownFileType = sourcecode.c.h; path = BNAppDelegate.h; sourceTree = "<group>"; };
		097DA38F14C8EEEF00851D27 /* BNAppDelegate.m */ = {isa = PBXFileReference; lastKnownFileType = sourcecode.c.objc; path = BNAppDelegate.m; sourceTree = "<group>"; };
		097DA39114C8EEEF00851D27 /* BNViewController.h */ = {isa = PBXFileReference; lastKnownFileType = sourcecode.c.h; path = BNViewController.h; sourceTree = "<group>"; };
		097DA39214C8EEEF00851D27 /* BNViewController.m */ = {isa = PBXFileReference; lastKnownFileType = sourcecode.c.objc; path = BNViewController.m; sourceTree = "<group>"; };
		097DA3A014C8EFD600851D27 /* BNScrollViewController.h */ = {isa = PBXFileReference; fileEncoding = 4; lastKnownFileType = sourcecode.c.h; path = BNScrollViewController.h; sourceTree = "<group>"; };
		097DA3A114C8EFD600851D27 /* BNScrollViewController.m */ = {isa = PBXFileReference; fileEncoding = 4; lastKnownFileType = sourcecode.c.objc; path = BNScrollViewController.m; sourceTree = "<group>"; };
		097DA3A314C8F21300851D27 /* BNScrollViewDatasource.h */ = {isa = PBXFileReference; fileEncoding = 4; lastKnownFileType = sourcecode.c.h; path = BNScrollViewDatasource.h; sourceTree = "<group>"; };
		097DA3A414C8F21300851D27 /* BNScrollViewDatasource.m */ = {isa = PBXFileReference; fileEncoding = 4; lastKnownFileType = sourcecode.c.objc; path = BNScrollViewDatasource.m; sourceTree = "<group>"; };
		097DA3A614C8FEBF00851D27 /* BNPageView.h */ = {isa = PBXFileReference; fileEncoding = 4; lastKnownFileType = sourcecode.c.h; path = BNPageView.h; sourceTree = "<group>"; };
		097DA3A714C8FEBF00851D27 /* BNPageView.m */ = {isa = PBXFileReference; fileEncoding = 4; lastKnownFileType = sourcecode.c.objc; path = BNPageView.m; sourceTree = "<group>"; };
/* End PBXFileReference section */

/* Begin PBXFrameworksBuildPhase section */
		097DA37814C8EEEF00851D27 /* Frameworks */ = {
			isa = PBXFrameworksBuildPhase;
			buildActionMask = 2147483647;
			files = (
				097DA38014C8EEEF00851D27 /* UIKit.framework in Frameworks */,
				097DA38214C8EEEF00851D27 /* Foundation.framework in Frameworks */,
				097DA38414C8EEEF00851D27 /* CoreGraphics.framework in Frameworks */,
			);
			runOnlyForDeploymentPostprocessing = 0;
		};
/* End PBXFrameworksBuildPhase section */

/* Begin PBXGroup section */
		097DA37014C8EEEF00851D27 = {
			isa = PBXGroup;
			children = (
				097DA38514C8EEEF00851D27 /* BNScrollView */,
				097DA37E14C8EEEF00851D27 /* Frameworks */,
				097DA37C14C8EEEF00851D27 /* Products */,
			);
			sourceTree = "<group>";
		};
		097DA37C14C8EEEF00851D27 /* Products */ = {
			isa = PBXGroup;
			children = (
				097DA37B14C8EEEF00851D27 /* BNScrollView.app */,
			);
			name = Products;
			sourceTree = "<group>";
		};
		097DA37E14C8EEEF00851D27 /* Frameworks */ = {
			isa = PBXGroup;
			children = (
				097DA37F14C8EEEF00851D27 /* UIKit.framework */,
				097DA38114C8EEEF00851D27 /* Foundation.framework */,
				097DA38314C8EEEF00851D27 /* CoreGraphics.framework */,
			);
			name = Frameworks;
			sourceTree = "<group>";
		};
		097DA38514C8EEEF00851D27 /* BNScrollView */ = {
			isa = PBXGroup;
			children = (
				097DA39F14C8EFC600851D27 /* BNScrollView */,
				097DA38E14C8EEEF00851D27 /* BNAppDelegate.h */,
				097DA38F14C8EEEF00851D27 /* BNAppDelegate.m */,
				097DA39114C8EEEF00851D27 /* BNViewController.h */,
				097DA39214C8EEEF00851D27 /* BNViewController.m */,
				097DA38614C8EEEF00851D27 /* Supporting Files */,
			);
			path = BNScrollView;
			sourceTree = "<group>";
		};
		097DA38614C8EEEF00851D27 /* Supporting Files */ = {
			isa = PBXGroup;
			children = (
				097DA38714C8EEEF00851D27 /* BNScrollView-Info.plist */,
				097DA38814C8EEEF00851D27 /* InfoPlist.strings */,
				097DA38B14C8EEEF00851D27 /* main.m */,
				097DA38D14C8EEEF00851D27 /* BNScrollView-Prefix.pch */,
			);
			name = "Supporting Files";
			sourceTree = "<group>";
		};
		097DA39F14C8EFC600851D27 /* BNScrollView */ = {
			isa = PBXGroup;
			children = (
				097DA3A014C8EFD600851D27 /* BNScrollViewController.h */,
				097DA3A114C8EFD600851D27 /* BNScrollViewController.m */,
				097DA3A314C8F21300851D27 /* BNScrollViewDatasource.h */,
				097DA3A414C8F21300851D27 /* BNScrollViewDatasource.m */,
				097DA3A614C8FEBF00851D27 /* BNPageView.h */,
				097DA3A714C8FEBF00851D27 /* BNPageView.m */,
			);
			path = BNScrollView;
			sourceTree = "<group>";
		};
/* End PBXGroup section */

/* Begin PBXNativeTarget section */
		097DA37A14C8EEEF00851D27 /* BNScrollView */ = {
			isa = PBXNativeTarget;
			buildConfigurationList = 097DA39C14C8EEEF00851D27 /* Build configuration list for PBXNativeTarget "BNScrollView" */;
			buildPhases = (
				097DA37714C8EEEF00851D27 /* Sources */,
				097DA37814C8EEEF00851D27 /* Frameworks */,
				097DA37914C8EEEF00851D27 /* Resources */,
			);
			buildRules = (
			);
			dependencies = (
			);
			name = BNScrollView;
			productName = BNScrollView;
			productReference = 097DA37B14C8EEEF00851D27 /* BNScrollView.app */;
			productType = "com.apple.product-type.application";
		};
/* End PBXNativeTarget section */

/* Begin PBXProject section */
		097DA37214C8EEEF00851D27 /* Project object */ = {
			isa = PBXProject;
			attributes = {
				LastUpgradeCheck = 0420;
			};
			buildConfigurationList = 097DA37514C8EEEF00851D27 /* Build configuration list for PBXProject "BNScrollView" */;
			compatibilityVersion = "Xcode 3.2";
			developmentRegion = English;
			hasScannedForEncodings = 0;
			knownRegions = (
				en,
			);
			mainGroup = 097DA37014C8EEEF00851D27;
			productRefGroup = 097DA37C14C8EEEF00851D27 /* Products */;
			projectDirPath = "";
			projectRoot = "";
			targets = (
				097DA37A14C8EEEF00851D27 /* BNScrollView */,
			);
		};
/* End PBXProject section */

/* Begin PBXResourcesBuildPhase section */
		097DA37914C8EEEF00851D27 /* Resources */ = {
			isa = PBXResourcesBuildPhase;
			buildActionMask = 2147483647;
			files = (
				097DA38A14C8EEEF00851D27 /* InfoPlist.strings in Resources */,
			);
			runOnlyForDeploymentPostprocessing = 0;
		};
/* End PBXResourcesBuildPhase section */

/* Begin PBXSourcesBuildPhase section */
		097DA37714C8EEEF00851D27 /* Sources */ = {
			isa = PBXSourcesBuildPhase;
			buildActionMask = 2147483647;
			files = (
				097DA38C14C8EEEF00851D27 /* main.m in Sources */,
				097DA39014C8EEEF00851D27 /* BNAppDelegate.m in Sources */,
				097DA39314C8EEEF00851D27 /* BNViewController.m in Sources */,
				097DA3A214C8EFD600851D27 /* BNScrollViewController.m in Sources */,
				097DA3A514C8F21300851D27 /* BNScrollViewDatasource.m in Sources */,
				097DA3A814C8FEBF00851D27 /* BNPageView.m in Sources */,
			);
			runOnlyForDeploymentPostprocessing = 0;
		};
/* End PBXSourcesBuildPhase section */

/* Begin PBXVariantGroup section */
		097DA38814C8EEEF00851D27 /* InfoPlist.strings */ = {
			isa = PBXVariantGroup;
			children = (
				097DA38914C8EEEF00851D27 /* en */,
			);
			name = InfoPlist.strings;
			sourceTree = "<group>";
		};
/* End PBXVariantGroup section */

/* Begin XCBuildConfiguration section */
		097DA39A14C8EEEF00851D27 /* Debug */ = {
			isa = XCBuildConfiguration;
			buildSettings = {
				ALWAYS_SEARCH_USER_PATHS = NO;
				ARCHS = "$(ARCHS_STANDARD_32_BIT)";
				"CODE_SIGN_IDENTITY[sdk=iphoneos*]" = "iPhone Developer";
				COPY_PHASE_STRIP = NO;
				GCC_C_LANGUAGE_STANDARD = gnu99;
				GCC_DYNAMIC_NO_PIC = NO;
				GCC_OPTIMIZATION_LEVEL = 0;
				GCC_PREPROCESSOR_DEFINITIONS = (
					"DEBUG=1",
					"$(inherited)",
				);
				GCC_SYMBOLS_PRIVATE_EXTERN = NO;
				GCC_VERSION = com.apple.compilers.llvm.clang.1_0;
				GCC_WARN_ABOUT_MISSING_PROTOTYPES = YES;
				GCC_WARN_ABOUT_RETURN_TYPE = YES;
				GCC_WARN_UNUSED_VARIABLE = YES;
				IPHONEOS_DEPLOYMENT_TARGET = 5.0;
				SDKROOT = iphoneos;
				TARGETED_DEVICE_FAMILY = "1,2";
			};
			name = Debug;
		};
		097DA39B14C8EEEF00851D27 /* Release */ = {
			isa = XCBuildConfiguration;
			buildSettings = {
				ALWAYS_SEARCH_USER_PATHS = NO;
				ARCHS = "$(ARCHS_STANDARD_32_BIT)";
				"CODE_SIGN_IDENTITY[sdk=iphoneos*]" = "iPhone Developer";
				COPY_PHASE_STRIP = YES;
				GCC_C_LANGUAGE_STANDARD = gnu99;
				GCC_VERSION = com.apple.compilers.llvm.clang.1_0;
				GCC_WARN_ABOUT_MISSING_PROTOTYPES = YES;
				GCC_WARN_ABOUT_RETURN_TYPE = YES;
				GCC_WARN_UNUSED_VARIABLE = YES;
				IPHONEOS_DEPLOYMENT_TARGET = 5.0;
				OTHER_CFLAGS = "-DNS_BLOCK_ASSERTIONS=1";
				SDKROOT = iphoneos;
				TARGETED_DEVICE_FAMILY = "1,2";
				VALIDATE_PRODUCT = YES;
			};
			name = Release;
		};
		097DA39D14C8EEEF00851D27 /* Debug */ = {
			isa = XCBuildConfiguration;
			buildSettings = {
				GCC_PRECOMPILE_PREFIX_HEADER = YES;
				GCC_PREFIX_HEADER = "BNScrollView/BNScrollView-Prefix.pch";
				INFOPLIST_FILE = "BNScrollView/BNScrollView-Info.plist";
				PRODUCT_NAME = "$(TARGET_NAME)";
				WRAPPER_EXTENSION = app;
			};
			name = Debug;
		};
		097DA39E14C8EEEF00851D27 /* Release */ = {
			isa = XCBuildConfiguration;
			buildSettings = {
				GCC_PRECOMPILE_PREFIX_HEADER = YES;
				GCC_PREFIX_HEADER = "BNScrollView/BNScrollView-Prefix.pch";
				INFOPLIST_FILE = "BNScrollView/BNScrollView-Info.plist";
				PRODUCT_NAME = "$(TARGET_NAME)";
				WRAPPER_EXTENSION = app;
			};
			name = Release;
		};
/* End XCBuildConfiguration section */

/* Begin XCConfigurationList section */
		097DA37514C8EEEF00851D27 /* Build configuration list for PBXProject "BNScrollView" */ = {
			isa = XCConfigurationList;
			buildConfigurations = (
				097DA39A14C8EEEF00851D27 /* Debug */,
				097DA39B14C8EEEF00851D27 /* Release */,
			);
			defaultConfigurationIsVisible = 0;
			defaultConfigurationName = Release;
		};
		097DA39C14C8EEEF00851D27 /* Build configuration list for PBXNativeTarget "BNScrollView" */ = {
			isa = XCConfigurationList;
			buildConfigurations = (
				097DA39D14C8EEEF00851D27 /* Debug */,
				097DA39E14C8EEEF00851D27 /* Release */,
			);
			defaultConfigurationIsVisible = 0;
		};
/* End XCConfigurationList section */
	};
	rootObject = 097DA37214C8EEEF00851D27 /* Project object */;
}
